// !$*UTF8*$!
{
	archiveVersion = 1;
	classes = {
	};
	objectVersion = 55;
	objects = {

/* Begin PBXBuildFile section */
		74192C6927AC288E0008207A /* HomePresenter.swift in Sources */ = {isa = PBXBuildFile; fileRef = 74192C6827AC288E0008207A /* HomePresenter.swift */; };
		74192C6D27AC28F40008207A /* HomeInteractor.swift in Sources */ = {isa = PBXBuildFile; fileRef = 74192C6C27AC28F40008207A /* HomeInteractor.swift */; };
		74192C7327AC36420008207A /* HomeProtocols.swift in Sources */ = {isa = PBXBuildFile; fileRef = 74192C7227AC36420008207A /* HomeProtocols.swift */; };
		74192C7527AC36570008207A /* HomeRouter.swift in Sources */ = {isa = PBXBuildFile; fileRef = 74192C7427AC36570008207A /* HomeRouter.swift */; };
		74192C7727AC36830008207A /* HomeViewController.swift in Sources */ = {isa = PBXBuildFile; fileRef = 74192C7627AC36830008207A /* HomeViewController.swift */; };
		74A7A12327AC6362006FD7F8 /* BrandCells.swift in Sources */ = {isa = PBXBuildFile; fileRef = 74A7A12227AC6362006FD7F8 /* BrandCells.swift */; };
		74AAFFB327A44EE1002AA3A7 /* AppDelegate.swift in Sources */ = {isa = PBXBuildFile; fileRef = 74AAFFB227A44EE1002AA3A7 /* AppDelegate.swift */; };
		74AAFFB527A44EE1002AA3A7 /* SceneDelegate.swift in Sources */ = {isa = PBXBuildFile; fileRef = 74AAFFB427A44EE1002AA3A7 /* SceneDelegate.swift */; };
		74AAFFBC27A44EE7002AA3A7 /* Assets.xcassets in Resources */ = {isa = PBXBuildFile; fileRef = 74AAFFBB27A44EE7002AA3A7 /* Assets.xcassets */; };
		74AAFFBF27A44EE7002AA3A7 /* LaunchScreen.storyboard in Resources */ = {isa = PBXBuildFile; fileRef = 74AAFFBD27A44EE7002AA3A7 /* LaunchScreen.storyboard */; };
		74AAFFC827A44F36002AA3A7 /* RxCocoa in Frameworks */ = {isa = PBXBuildFile; productRef = 74AAFFC727A44F36002AA3A7 /* RxCocoa */; };
		74AAFFCA27A44F36002AA3A7 /* RxSwift in Frameworks */ = {isa = PBXBuildFile; productRef = 74AAFFC927A44F36002AA3A7 /* RxSwift */; };
		74AAFFDB27A45099002AA3A7 /* LoginProtocols.swift in Sources */ = {isa = PBXBuildFile; fileRef = 74AAFFDA27A45099002AA3A7 /* LoginProtocols.swift */; };
		74AAFFDD27A45189002AA3A7 /* LoginInteractor.swift in Sources */ = {isa = PBXBuildFile; fileRef = 74AAFFDC27A45189002AA3A7 /* LoginInteractor.swift */; };
		74AAFFDF27A451FE002AA3A7 /* LoginPresenter.swift in Sources */ = {isa = PBXBuildFile; fileRef = 74AAFFDE27A451FE002AA3A7 /* LoginPresenter.swift */; };
		74AAFFE127A4524E002AA3A7 /* LoginRouter.swift in Sources */ = {isa = PBXBuildFile; fileRef = 74AAFFE027A4524E002AA3A7 /* LoginRouter.swift */; };
		74AAFFE427A45291002AA3A7 /* LoginViewController.swift in Sources */ = {isa = PBXBuildFile; fileRef = 74AAFFE227A45291002AA3A7 /* LoginViewController.swift */; };
		74AEB71027A8A58400881303 /* RegisterViewController.swift in Sources */ = {isa = PBXBuildFile; fileRef = 74AEB70F27A8A58400881303 /* RegisterViewController.swift */; };
		74AEB71227A8A5AC00881303 /* RegisterProtocols.swift in Sources */ = {isa = PBXBuildFile; fileRef = 74AEB71127A8A5AC00881303 /* RegisterProtocols.swift */; };
		74AEB71427A8A66900881303 /* RegisterRouter.swift in Sources */ = {isa = PBXBuildFile; fileRef = 74AEB71327A8A66900881303 /* RegisterRouter.swift */; };
		74AEB71627A8A6C800881303 /* RegisterInteractor.swift in Sources */ = {isa = PBXBuildFile; fileRef = 74AEB71527A8A6C800881303 /* RegisterInteractor.swift */; };
		74AEB71827A8A80D00881303 /* RegisterPresenter.swift in Sources */ = {isa = PBXBuildFile; fileRef = 74AEB71727A8A80D00881303 /* RegisterPresenter.swift */; };
		74C25D2327A609B500C84682 /* FirebaseAuth in Frameworks */ = {isa = PBXBuildFile; productRef = 74C25D2227A609B500C84682 /* FirebaseAuth */; };
		74C25D2627A60A1800C84682 /* FirebaseWorker.swift in Sources */ = {isa = PBXBuildFile; fileRef = 74C25D2527A60A1800C84682 /* FirebaseWorker.swift */; };
		74C25D2827A60A7D00C84682 /* AuthFirebaseLayer.swift in Sources */ = {isa = PBXBuildFile; fileRef = 74C25D2727A60A7D00C84682 /* AuthFirebaseLayer.swift */; };
		74C25D2A27A61BBD00C84682 /* GoogleService-Info.plist in Resources */ = {isa = PBXBuildFile; fileRef = 74C25D2927A61BBD00C84682 /* GoogleService-Info.plist */; };
		74C25D2C27A6291D00C84682 /* UIFont.swift in Sources */ = {isa = PBXBuildFile; fileRef = 74C25D2B27A6291D00C84682 /* UIFont.swift */; };
		74C25D3027A62C2700C84682 /* Hud.swift in Sources */ = {isa = PBXBuildFile; fileRef = 74C25D2F27A62C2700C84682 /* Hud.swift */; };
/* End PBXBuildFile section */

/* Begin PBXFileReference section */
		74192C6827AC288E0008207A /* HomePresenter.swift */ = {isa = PBXFileReference; lastKnownFileType = sourcecode.swift; path = HomePresenter.swift; sourceTree = "<group>"; };
		74192C6C27AC28F40008207A /* HomeInteractor.swift */ = {isa = PBXFileReference; lastKnownFileType = sourcecode.swift; path = HomeInteractor.swift; sourceTree = "<group>"; };
		74192C7227AC36420008207A /* HomeProtocols.swift */ = {isa = PBXFileReference; lastKnownFileType = sourcecode.swift; path = HomeProtocols.swift; sourceTree = "<group>"; };
		74192C7427AC36570008207A /* HomeRouter.swift */ = {isa = PBXFileReference; lastKnownFileType = sourcecode.swift; path = HomeRouter.swift; sourceTree = "<group>"; };
		74192C7627AC36830008207A /* HomeViewController.swift */ = {isa = PBXFileReference; lastKnownFileType = sourcecode.swift; path = HomeViewController.swift; sourceTree = "<group>"; };
		74A7A12227AC6362006FD7F8 /* BrandCells.swift */ = {isa = PBXFileReference; lastKnownFileType = sourcecode.swift; path = BrandCells.swift; sourceTree = "<group>"; };
		74AAFFAF27A44EE1002AA3A7 /* VIPER-RXSwift.app */ = {isa = PBXFileReference; explicitFileType = wrapper.application; includeInIndex = 0; path = "VIPER-RXSwift.app"; sourceTree = BUILT_PRODUCTS_DIR; };
		74AAFFB227A44EE1002AA3A7 /* AppDelegate.swift */ = {isa = PBXFileReference; lastKnownFileType = sourcecode.swift; path = AppDelegate.swift; sourceTree = "<group>"; };
		74AAFFB427A44EE1002AA3A7 /* SceneDelegate.swift */ = {isa = PBXFileReference; lastKnownFileType = sourcecode.swift; path = SceneDelegate.swift; sourceTree = "<group>"; };
		74AAFFBB27A44EE7002AA3A7 /* Assets.xcassets */ = {isa = PBXFileReference; lastKnownFileType = folder.assetcatalog; path = Assets.xcassets; sourceTree = "<group>"; };
		74AAFFBE27A44EE7002AA3A7 /* Base */ = {isa = PBXFileReference; lastKnownFileType = file.storyboard; name = Base; path = Base.lproj/LaunchScreen.storyboard; sourceTree = "<group>"; };
		74AAFFC027A44EE7002AA3A7 /* Info.plist */ = {isa = PBXFileReference; lastKnownFileType = text.plist.xml; path = Info.plist; sourceTree = "<group>"; };
		74AAFFDA27A45099002AA3A7 /* LoginProtocols.swift */ = {isa = PBXFileReference; lastKnownFileType = sourcecode.swift; path = LoginProtocols.swift; sourceTree = "<group>"; };
		74AAFFDC27A45189002AA3A7 /* LoginInteractor.swift */ = {isa = PBXFileReference; lastKnownFileType = sourcecode.swift; path = LoginInteractor.swift; sourceTree = "<group>"; };
		74AAFFDE27A451FE002AA3A7 /* LoginPresenter.swift */ = {isa = PBXFileReference; lastKnownFileType = sourcecode.swift; path = LoginPresenter.swift; sourceTree = "<group>"; };
		74AAFFE027A4524E002AA3A7 /* LoginRouter.swift */ = {isa = PBXFileReference; lastKnownFileType = sourcecode.swift; path = LoginRouter.swift; sourceTree = "<group>"; };
		74AAFFE227A45291002AA3A7 /* LoginViewController.swift */ = {isa = PBXFileReference; lastKnownFileType = sourcecode.swift; path = LoginViewController.swift; sourceTree = "<group>"; };
		74AEB70F27A8A58400881303 /* RegisterViewController.swift */ = {isa = PBXFileReference; lastKnownFileType = sourcecode.swift; path = RegisterViewController.swift; sourceTree = "<group>"; };
		74AEB71127A8A5AC00881303 /* RegisterProtocols.swift */ = {isa = PBXFileReference; lastKnownFileType = sourcecode.swift; path = RegisterProtocols.swift; sourceTree = "<group>"; };
		74AEB71327A8A66900881303 /* RegisterRouter.swift */ = {isa = PBXFileReference; lastKnownFileType = sourcecode.swift; path = RegisterRouter.swift; sourceTree = "<group>"; };
		74AEB71527A8A6C800881303 /* RegisterInteractor.swift */ = {isa = PBXFileReference; lastKnownFileType = sourcecode.swift; path = RegisterInteractor.swift; sourceTree = "<group>"; };
		74AEB71727A8A80D00881303 /* RegisterPresenter.swift */ = {isa = PBXFileReference; lastKnownFileType = sourcecode.swift; path = RegisterPresenter.swift; sourceTree = "<group>"; };
		74C25D2527A60A1800C84682 /* FirebaseWorker.swift */ = {isa = PBXFileReference; lastKnownFileType = sourcecode.swift; path = FirebaseWorker.swift; sourceTree = "<group>"; };
		74C25D2727A60A7D00C84682 /* AuthFirebaseLayer.swift */ = {isa = PBXFileReference; lastKnownFileType = sourcecode.swift; path = AuthFirebaseLayer.swift; sourceTree = "<group>"; };
		74C25D2927A61BBD00C84682 /* GoogleService-Info.plist */ = {isa = PBXFileReference; fileEncoding = 4; lastKnownFileType = text.plist.xml; path = "GoogleService-Info.plist"; sourceTree = "<group>"; };
		74C25D2B27A6291D00C84682 /* UIFont.swift */ = {isa = PBXFileReference; fileEncoding = 4; lastKnownFileType = sourcecode.swift; path = UIFont.swift; sourceTree = "<group>"; };
		74C25D2F27A62C2700C84682 /* Hud.swift */ = {isa = PBXFileReference; fileEncoding = 4; lastKnownFileType = sourcecode.swift; path = Hud.swift; sourceTree = "<group>"; };
/* End PBXFileReference section */

/* Begin PBXFrameworksBuildPhase section */
		74AAFFAC27A44EE1002AA3A7 /* Frameworks */ = {
			isa = PBXFrameworksBuildPhase;
			buildActionMask = 2147483647;
			files = (
				74AAFFCA27A44F36002AA3A7 /* RxSwift in Frameworks */,
				74C25D2327A609B500C84682 /* FirebaseAuth in Frameworks */,
				74AAFFC827A44F36002AA3A7 /* RxCocoa in Frameworks */,
			);
			runOnlyForDeploymentPostprocessing = 0;
		};
/* End PBXFrameworksBuildPhase section */

/* Begin PBXGroup section */
		74192C6527AC28570008207A /* Home */ = {
			isa = PBXGroup;
			children = (
				74192C6E27AC36100008207A /* Protocols */,
				74192C6B27AC28DC0008207A /* Interactor */,
				74192C6A27AC28CE0008207A /* Router */,
				74192C6727AC286E0008207A /* Presenter */,
				74192C6627AC28670008207A /* View */,
			);
			path = Home;
			sourceTree = "<group>";
		};
		74192C6627AC28670008207A /* View */ = {
			isa = PBXGroup;
			children = (
				74A7A12127AC633A006FD7F8 /* TableViewCell */,
				74A7A12027AC6330006FD7F8 /* ViewController  */,
				74192C7627AC36830008207A /* HomeViewController.swift */,
			);
			path = View;
			sourceTree = "<group>";
		};
		74192C6727AC286E0008207A /* Presenter */ = {
			isa = PBXGroup;
			children = (
				74192C6827AC288E0008207A /* HomePresenter.swift */,
			);
			path = Presenter;
			sourceTree = "<group>";
		};
		74192C6A27AC28CE0008207A /* Router */ = {
			isa = PBXGroup;
			children = (
				74192C7427AC36570008207A /* HomeRouter.swift */,
			);
			path = Router;
			sourceTree = "<group>";
		};
		74192C6B27AC28DC0008207A /* Interactor */ = {
			isa = PBXGroup;
			children = (
				74192C6C27AC28F40008207A /* HomeInteractor.swift */,
			);
			path = Interactor;
			sourceTree = "<group>";
		};
		74192C6E27AC36100008207A /* Protocols */ = {
			isa = PBXGroup;
			children = (
				74192C7227AC36420008207A /* HomeProtocols.swift */,
			);
			path = Protocols;
			sourceTree = "<group>";
		};
		74A7A12027AC6330006FD7F8 /* ViewController  */ = {
			isa = PBXGroup;
			children = (
			);
			path = "ViewController ";
			sourceTree = "<group>";
		};
		74A7A12127AC633A006FD7F8 /* TableViewCell */ = {
			isa = PBXGroup;
			children = (
				74A7A12227AC6362006FD7F8 /* BrandCells.swift */,
			);
			path = TableViewCell;
			sourceTree = "<group>";
		};
		74AAFFA627A44EE1002AA3A7 = {
			isa = PBXGroup;
			children = (
				74AAFFB127A44EE1002AA3A7 /* VIPER-RXSwift */,
				74AAFFB027A44EE1002AA3A7 /* Products */,
			);
			sourceTree = "<group>";
		};
		74AAFFB027A44EE1002AA3A7 /* Products */ = {
			isa = PBXGroup;
			children = (
				74AAFFAF27A44EE1002AA3A7 /* VIPER-RXSwift.app */,
			);
			name = Products;
			sourceTree = "<group>";
		};
		74AAFFB127A44EE1002AA3A7 /* VIPER-RXSwift */ = {
			isa = PBXGroup;
			children = (
				74AAFFCB27A44F45002AA3A7 /* Core */,
				74AAFFCF27A44F66002AA3A7 /* Helper */,
				74AAFFCD27A44F55002AA3A7 /* Networking */,
				74AAFFD027A44F6C002AA3A7 /* Extension */,
				74AAFFCE27A44F5F002AA3A7 /* Scenes */,
				74AAFFCC27A44F4B002AA3A7 /* Resources */,
				74C25D2927A61BBD00C84682 /* GoogleService-Info.plist */,
				74AAFFC027A44EE7002AA3A7 /* Info.plist */,
			);
			path = "VIPER-RXSwift";
			sourceTree = "<group>";
		};
		74AAFFCB27A44F45002AA3A7 /* Core */ = {
			isa = PBXGroup;
			children = (
				74AAFFB227A44EE1002AA3A7 /* AppDelegate.swift */,
				74AAFFB427A44EE1002AA3A7 /* SceneDelegate.swift */,
			);
			path = Core;
			sourceTree = "<group>";
		};
		74AAFFCC27A44F4B002AA3A7 /* Resources */ = {
			isa = PBXGroup;
			children = (
				74AAFFBD27A44EE7002AA3A7 /* LaunchScreen.storyboard */,
				74AAFFBB27A44EE7002AA3A7 /* Assets.xcassets */,
			);
			path = Resources;
			sourceTree = "<group>";
		};
		74AAFFCD27A44F55002AA3A7 /* Networking */ = {
			isa = PBXGroup;
			children = (
				74C25D2427A609F600C84682 /* FirebaseAuth */,
			);
			path = Networking;
			sourceTree = "<group>";
		};
		74AAFFCE27A44F5F002AA3A7 /* Scenes */ = {
			isa = PBXGroup;
			children = (
				74192C6527AC28570008207A /* Home */,
				74AAFFD127A44F8A002AA3A7 /* Auth */,
			);
			path = Scenes;
			sourceTree = "<group>";
		};
		74AAFFCF27A44F66002AA3A7 /* Helper */ = {
			isa = PBXGroup;
			children = (
				74C25D2F27A62C2700C84682 /* Hud.swift */,
			);
			path = Helper;
			sourceTree = "<group>";
		};
		74AAFFD027A44F6C002AA3A7 /* Extension */ = {
			isa = PBXGroup;
			children = (
				74C25D2B27A6291D00C84682 /* UIFont.swift */,
			);
			path = Extension;
			sourceTree = "<group>";
		};
		74AAFFD127A44F8A002AA3A7 /* Auth */ = {
			isa = PBXGroup;
			children = (
				74AAFFD227A44F92002AA3A7 /* Login */,
				74AEB70927A8A1E300881303 /* Register */,
			);
			path = Auth;
			sourceTree = "<group>";
		};
		74AAFFD227A44F92002AA3A7 /* Login */ = {
			isa = PBXGroup;
			children = (
				74AAFFD527A45065002AA3A7 /* View */,
				74AAFFD927A45082002AA3A7 /* Protocols */,
				74AAFFD827A4507A002AA3A7 /* Interactor */,
				74AAFFD727A45073002AA3A7 /* Presenter */,
				74AAFFD627A4506C002AA3A7 /* Router */,
			);
			path = Login;
			sourceTree = "<group>";
		};
		74AAFFD527A45065002AA3A7 /* View */ = {
			isa = PBXGroup;
			children = (
				74AAFFE227A45291002AA3A7 /* LoginViewController.swift */,
			);
			path = View;
			sourceTree = "<group>";
		};
		74AAFFD627A4506C002AA3A7 /* Router */ = {
			isa = PBXGroup;
			children = (
				74AAFFE027A4524E002AA3A7 /* LoginRouter.swift */,
			);
			path = Router;
			sourceTree = "<group>";
		};
		74AAFFD727A45073002AA3A7 /* Presenter */ = {
			isa = PBXGroup;
			children = (
				74AAFFDE27A451FE002AA3A7 /* LoginPresenter.swift */,
			);
			path = Presenter;
			sourceTree = "<group>";
		};
		74AAFFD827A4507A002AA3A7 /* Interactor */ = {
			isa = PBXGroup;
			children = (
				74AAFFDC27A45189002AA3A7 /* LoginInteractor.swift */,
			);
			path = Interactor;
			sourceTree = "<group>";
		};
		74AAFFD927A45082002AA3A7 /* Protocols */ = {
			isa = PBXGroup;
			children = (
				74AAFFDA27A45099002AA3A7 /* LoginProtocols.swift */,
			);
			path = Protocols;
			sourceTree = "<group>";
		};
		74AEB70927A8A1E300881303 /* Register */ = {
			isa = PBXGroup;
			children = (
				74AEB70E27A8A53C00881303 /* Router */,
				74AEB70D27A8A53000881303 /* Interactor */,
				74AEB70C27A8A52400881303 /* Presenter */,
				74AEB70B27A8A50600881303 /* Protocols */,
				74AEB70A27A8A1F300881303 /* View */,
			);
			path = Register;
			sourceTree = "<group>";
		};
		74AEB70A27A8A1F300881303 /* View */ = {
			isa = PBXGroup;
			children = (
				74AEB70F27A8A58400881303 /* RegisterViewController.swift */,
			);
			path = View;
			sourceTree = "<group>";
		};
		74AEB70B27A8A50600881303 /* Protocols */ = {
			isa = PBXGroup;
			children = (
				74AEB71127A8A5AC00881303 /* RegisterProtocols.swift */,
			);
			path = Protocols;
			sourceTree = "<group>";
		};
		74AEB70C27A8A52400881303 /* Presenter */ = {
			isa = PBXGroup;
			children = (
				74AEB71727A8A80D00881303 /* RegisterPresenter.swift */,
			);
			path = Presenter;
			sourceTree = "<group>";
		};
		74AEB70D27A8A53000881303 /* Interactor */ = {
			isa = PBXGroup;
			children = (
				74AEB71527A8A6C800881303 /* RegisterInteractor.swift */,
			);
			path = Interactor;
			sourceTree = "<group>";
		};
		74AEB70E27A8A53C00881303 /* Router */ = {
			isa = PBXGroup;
			children = (
				74AEB71327A8A66900881303 /* RegisterRouter.swift */,
			);
			path = Router;
			sourceTree = "<group>";
		};
		74C25D2427A609F600C84682 /* FirebaseAuth */ = {
			isa = PBXGroup;
			children = (
				74C25D2527A60A1800C84682 /* FirebaseWorker.swift */,
				74C25D2727A60A7D00C84682 /* AuthFirebaseLayer.swift */,
			);
			path = FirebaseAuth;
			sourceTree = "<group>";
		};
/* End PBXGroup section */

/* Begin PBXNativeTarget section */
		74AAFFAE27A44EE1002AA3A7 /* VIPER-RXSwift */ = {
			isa = PBXNativeTarget;
			buildConfigurationList = 74AAFFC327A44EE7002AA3A7 /* Build configuration list for PBXNativeTarget "VIPER-RXSwift" */;
			buildPhases = (
				74AAFFAB27A44EE1002AA3A7 /* Sources */,
				74AAFFAC27A44EE1002AA3A7 /* Frameworks */,
				74AAFFAD27A44EE1002AA3A7 /* Resources */,
			);
			buildRules = (
			);
			dependencies = (
			);
			name = "VIPER-RXSwift";
			packageProductDependencies = (
				74AAFFC727A44F36002AA3A7 /* RxCocoa */,
				74AAFFC927A44F36002AA3A7 /* RxSwift */,
				74C25D2227A609B500C84682 /* FirebaseAuth */,
			);
			productName = "VIPER-RXSwift";
			productReference = 74AAFFAF27A44EE1002AA3A7 /* VIPER-RXSwift.app */;
			productType = "com.apple.product-type.application";
		};
/* End PBXNativeTarget section */

/* Begin PBXProject section */
		74AAFFA727A44EE1002AA3A7 /* Project object */ = {
			isa = PBXProject;
			attributes = {
				BuildIndependentTargetsInParallel = 1;
				LastSwiftUpdateCheck = 1320;
				LastUpgradeCheck = 1320;
				TargetAttributes = {
					74AAFFAE27A44EE1002AA3A7 = {
						CreatedOnToolsVersion = 13.2.1;
					};
				};
			};
			buildConfigurationList = 74AAFFAA27A44EE1002AA3A7 /* Build configuration list for PBXProject "VIPER-RXSwift" */;
			compatibilityVersion = "Xcode 13.0";
			developmentRegion = en;
			hasScannedForEncodings = 0;
			knownRegions = (
				en,
				Base,
			);
			mainGroup = 74AAFFA627A44EE1002AA3A7;
			packageReferences = (
				74AAFFC627A44F36002AA3A7 /* XCRemoteSwiftPackageReference "RxSwift" */,
				74C25D2127A609B500C84682 /* XCRemoteSwiftPackageReference "firebase-ios-sdk" */,
			);
			productRefGroup = 74AAFFB027A44EE1002AA3A7 /* Products */;
			projectDirPath = "";
			projectRoot = "";
			targets = (
				74AAFFAE27A44EE1002AA3A7 /* VIPER-RXSwift */,
			);
		};
/* End PBXProject section */

/* Begin PBXResourcesBuildPhase section */
		74AAFFAD27A44EE1002AA3A7 /* Resources */ = {
			isa = PBXResourcesBuildPhase;
			buildActionMask = 2147483647;
			files = (
				74AAFFBF27A44EE7002AA3A7 /* LaunchScreen.storyboard in Resources */,
				74C25D2A27A61BBD00C84682 /* GoogleService-Info.plist in Resources */,
				74AAFFBC27A44EE7002AA3A7 /* Assets.xcassets in Resources */,
			);
			runOnlyForDeploymentPostprocessing = 0;
		};
/* End PBXResourcesBuildPhase section */

/* Begin PBXSourcesBuildPhase section */
		74AAFFAB27A44EE1002AA3A7 /* Sources */ = {
			isa = PBXSourcesBuildPhase;
			buildActionMask = 2147483647;
			files = (
				74C25D3027A62C2700C84682 /* Hud.swift in Sources */,
				74AAFFE427A45291002AA3A7 /* LoginViewController.swift in Sources */,
				74192C7327AC36420008207A /* HomeProtocols.swift in Sources */,
				74A7A12327AC6362006FD7F8 /* BrandCells.swift in Sources */,
				74AAFFDD27A45189002AA3A7 /* LoginInteractor.swift in Sources */,
				74AEB71027A8A58400881303 /* RegisterViewController.swift in Sources */,
				74192C7727AC36830008207A /* HomeViewController.swift in Sources */,
				74C25D2627A60A1800C84682 /* FirebaseWorker.swift in Sources */,
				74AEB71427A8A66900881303 /* RegisterRouter.swift in Sources */,
				74AEB71627A8A6C800881303 /* RegisterInteractor.swift in Sources */,
				74AAFFDB27A45099002AA3A7 /* LoginProtocols.swift in Sources */,
				74192C7527AC36570008207A /* HomeRouter.swift in Sources */,
				74AAFFE127A4524E002AA3A7 /* LoginRouter.swift in Sources */,
				74AAFFB327A44EE1002AA3A7 /* AppDelegate.swift in Sources */,
				74AAFFB527A44EE1002AA3A7 /* SceneDelegate.swift in Sources */,
				74192C6927AC288E0008207A /* HomePresenter.swift in Sources */,
				74AAFFDF27A451FE002AA3A7 /* LoginPresenter.swift in Sources */,
				74C25D2C27A6291D00C84682 /* UIFont.swift in Sources */,
				74AEB71227A8A5AC00881303 /* RegisterProtocols.swift in Sources */,
				74192C6D27AC28F40008207A /* HomeInteractor.swift in Sources */,
				74C25D2827A60A7D00C84682 /* AuthFirebaseLayer.swift in Sources */,
				74AEB71827A8A80D00881303 /* RegisterPresenter.swift in Sources */,
			);
			runOnlyForDeploymentPostprocessing = 0;
		};
/* End PBXSourcesBuildPhase section */

/* Begin PBXVariantGroup section */
		74AAFFBD27A44EE7002AA3A7 /* LaunchScreen.storyboard */ = {
			isa = PBXVariantGroup;
			children = (
				74AAFFBE27A44EE7002AA3A7 /* Base */,
			);
			name = LaunchScreen.storyboard;
			sourceTree = "<group>";
		};
/* End PBXVariantGroup section */

/* Begin XCBuildConfiguration section */
		74AAFFC127A44EE7002AA3A7 /* Debug */ = {
			isa = XCBuildConfiguration;
			buildSettings = {
				ALWAYS_SEARCH_USER_PATHS = NO;
				CLANG_ANALYZER_NONNULL = YES;
				CLANG_ANALYZER_NUMBER_OBJECT_CONVERSION = YES_AGGRESSIVE;
				CLANG_CXX_LANGUAGE_STANDARD = "gnu++17";
				CLANG_CXX_LIBRARY = "libc++";
				CLANG_ENABLE_MODULES = YES;
				CLANG_ENABLE_OBJC_ARC = YES;
				CLANG_ENABLE_OBJC_WEAK = YES;
				CLANG_WARN_BLOCK_CAPTURE_AUTORELEASING = YES;
				CLANG_WARN_BOOL_CONVERSION = YES;
				CLANG_WARN_COMMA = YES;
				CLANG_WARN_CONSTANT_CONVERSION = YES;
				CLANG_WARN_DEPRECATED_OBJC_IMPLEMENTATIONS = YES;
				CLANG_WARN_DIRECT_OBJC_ISA_USAGE = YES_ERROR;
				CLANG_WARN_DOCUMENTATION_COMMENTS = YES;
				CLANG_WARN_EMPTY_BODY = YES;
				CLANG_WARN_ENUM_CONVERSION = YES;
				CLANG_WARN_INFINITE_RECURSION = YES;
				CLANG_WARN_INT_CONVERSION = YES;
				CLANG_WARN_NON_LITERAL_NULL_CONVERSION = YES;
				CLANG_WARN_OBJC_IMPLICIT_RETAIN_SELF = YES;
				CLANG_WARN_OBJC_LITERAL_CONVERSION = YES;
				CLANG_WARN_OBJC_ROOT_CLASS = YES_ERROR;
				CLANG_WARN_QUOTED_INCLUDE_IN_FRAMEWORK_HEADER = YES;
				CLANG_WARN_RANGE_LOOP_ANALYSIS = YES;
				CLANG_WARN_STRICT_PROTOTYPES = YES;
				CLANG_WARN_SUSPICIOUS_MOVE = YES;
				CLANG_WARN_UNGUARDED_AVAILABILITY = YES_AGGRESSIVE;
				CLANG_WARN_UNREACHABLE_CODE = YES;
				CLANG_WARN__DUPLICATE_METHOD_MATCH = YES;
				COPY_PHASE_STRIP = NO;
				DEBUG_INFORMATION_FORMAT = dwarf;
				ENABLE_STRICT_OBJC_MSGSEND = YES;
				ENABLE_TESTABILITY = YES;
				GCC_C_LANGUAGE_STANDARD = gnu11;
				GCC_DYNAMIC_NO_PIC = NO;
				GCC_NO_COMMON_BLOCKS = YES;
				GCC_OPTIMIZATION_LEVEL = 0;
				GCC_PREPROCESSOR_DEFINITIONS = (
					"DEBUG=1",
					"$(inherited)",
				);
				GCC_WARN_64_TO_32_BIT_CONVERSION = YES;
				GCC_WARN_ABOUT_RETURN_TYPE = YES_ERROR;
				GCC_WARN_UNDECLARED_SELECTOR = YES;
				GCC_WARN_UNINITIALIZED_AUTOS = YES_AGGRESSIVE;
				GCC_WARN_UNUSED_FUNCTION = YES;
				GCC_WARN_UNUSED_VARIABLE = YES;
				IPHONEOS_DEPLOYMENT_TARGET = 15.2;
				MTL_ENABLE_DEBUG_INFO = INCLUDE_SOURCE;
				MTL_FAST_MATH = YES;
				ONLY_ACTIVE_ARCH = YES;
				SDKROOT = iphoneos;
				SWIFT_ACTIVE_COMPILATION_CONDITIONS = DEBUG;
				SWIFT_OPTIMIZATION_LEVEL = "-Onone";
			};
			name = Debug;
		};
		74AAFFC227A44EE7002AA3A7 /* Release */ = {
			isa = XCBuildConfiguration;
			buildSettings = {
				ALWAYS_SEARCH_USER_PATHS = NO;
				CLANG_ANALYZER_NONNULL = YES;
				CLANG_ANALYZER_NUMBER_OBJECT_CONVERSION = YES_AGGRESSIVE;
				CLANG_CXX_LANGUAGE_STANDARD = "gnu++17";
				CLANG_CXX_LIBRARY = "libc++";
				CLANG_ENABLE_MODULES = YES;
				CLANG_ENABLE_OBJC_ARC = YES;
				CLANG_ENABLE_OBJC_WEAK = YES;
				CLANG_WARN_BLOCK_CAPTURE_AUTORELEASING = YES;
				CLANG_WARN_BOOL_CONVERSION = YES;
				CLANG_WARN_COMMA = YES;
				CLANG_WARN_CONSTANT_CONVERSION = YES;
				CLANG_WARN_DEPRECATED_OBJC_IMPLEMENTATIONS = YES;
				CLANG_WARN_DIRECT_OBJC_ISA_USAGE = YES_ERROR;
				CLANG_WARN_DOCUMENTATION_COMMENTS = YES;
				CLANG_WARN_EMPTY_BODY = YES;
				CLANG_WARN_ENUM_CONVERSION = YES;
				CLANG_WARN_INFINITE_RECURSION = YES;
				CLANG_WARN_INT_CONVERSION = YES;
				CLANG_WARN_NON_LITERAL_NULL_CONVERSION = YES;
				CLANG_WARN_OBJC_IMPLICIT_RETAIN_SELF = YES;
				CLANG_WARN_OBJC_LITERAL_CONVERSION = YES;
				CLANG_WARN_OBJC_ROOT_CLASS = YES_ERROR;
				CLANG_WARN_QUOTED_INCLUDE_IN_FRAMEWORK_HEADER = YES;
				CLANG_WARN_RANGE_LOOP_ANALYSIS = YES;
				CLANG_WARN_STRICT_PROTOTYPES = YES;
				CLANG_WARN_SUSPICIOUS_MOVE = YES;
				CLANG_WARN_UNGUARDED_AVAILABILITY = YES_AGGRESSIVE;
				CLANG_WARN_UNREACHABLE_CODE = YES;
				CLANG_WARN__DUPLICATE_METHOD_MATCH = YES;
				COPY_PHASE_STRIP = NO;
				DEBUG_INFORMATION_FORMAT = "dwarf-with-dsym";
				ENABLE_NS_ASSERTIONS = NO;
				ENABLE_STRICT_OBJC_MSGSEND = YES;
				GCC_C_LANGUAGE_STANDARD = gnu11;
				GCC_NO_COMMON_BLOCKS = YES;
				GCC_WARN_64_TO_32_BIT_CONVERSION = YES;
				GCC_WARN_ABOUT_RETURN_TYPE = YES_ERROR;
				GCC_WARN_UNDECLARED_SELECTOR = YES;
				GCC_WARN_UNINITIALIZED_AUTOS = YES_AGGRESSIVE;
				GCC_WARN_UNUSED_FUNCTION = YES;
				GCC_WARN_UNUSED_VARIABLE = YES;
				IPHONEOS_DEPLOYMENT_TARGET = 15.2;
				MTL_ENABLE_DEBUG_INFO = NO;
				MTL_FAST_MATH = YES;
				SDKROOT = iphoneos;
				SWIFT_COMPILATION_MODE = wholemodule;
				SWIFT_OPTIMIZATION_LEVEL = "-O";
				VALIDATE_PRODUCT = YES;
			};
			name = Release;
		};
		74AAFFC427A44EE7002AA3A7 /* Debug */ = {
			isa = XCBuildConfiguration;
			buildSettings = {
				ASSETCATALOG_COMPILER_APPICON_NAME = AppIcon;
				ASSETCATALOG_COMPILER_GLOBAL_ACCENT_COLOR_NAME = AccentColor;
				CODE_SIGN_STYLE = Automatic;
				CURRENT_PROJECT_VERSION = 1;
				GENERATE_INFOPLIST_FILE = YES;
				INFOPLIST_FILE = "VIPER-RXSwift/Info.plist";
				INFOPLIST_KEY_UIApplicationSupportsIndirectInputEvents = YES;
				INFOPLIST_KEY_UILaunchStoryboardName = LaunchScreen;
				INFOPLIST_KEY_UISupportedInterfaceOrientations_iPad = "UIInterfaceOrientationPortrait UIInterfaceOrientationPortraitUpsideDown UIInterfaceOrientationLandscapeLeft UIInterfaceOrientationLandscapeRight";
				INFOPLIST_KEY_UISupportedInterfaceOrientations_iPhone = "UIInterfaceOrientationPortrait UIInterfaceOrientationLandscapeLeft UIInterfaceOrientationLandscapeRight";
				IPHONEOS_DEPLOYMENT_TARGET = 15.0;
				LD_RUNPATH_SEARCH_PATHS = (
					"$(inherited)",
					"@executable_path/Frameworks",
				);
				MARKETING_VERSION = 1.0;
				PRODUCT_BUNDLE_IDENTIFIER = "com.afathe7090.VIPER-RXSwift";
				PRODUCT_NAME = "$(TARGET_NAME)";
				SWIFT_EMIT_LOC_STRINGS = YES;
				SWIFT_VERSION = 5.0;
				TARGETED_DEVICE_FAMILY = "1,2";
			};
			name = Debug;
		};
		74AAFFC527A44EE7002AA3A7 /* Release */ = {
			isa = XCBuildConfiguration;
			buildSettings = {
				ASSETCATALOG_COMPILER_APPICON_NAME = AppIcon;
				ASSETCATALOG_COMPILER_GLOBAL_ACCENT_COLOR_NAME = AccentColor;
				CODE_SIGN_STYLE = Automatic;
				CURRENT_PROJECT_VERSION = 1;
				GENERATE_INFOPLIST_FILE = YES;
				INFOPLIST_FILE = "VIPER-RXSwift/Info.plist";
				INFOPLIST_KEY_UIApplicationSupportsIndirectInputEvents = YES;
				INFOPLIST_KEY_UILaunchStoryboardName = LaunchScreen;
				INFOPLIST_KEY_UISupportedInterfaceOrientations_iPad = "UIInterfaceOrientationPortrait UIInterfaceOrientationPortraitUpsideDown UIInterfaceOrientationLandscapeLeft UIInterfaceOrientationLandscapeRight";
				INFOPLIST_KEY_UISupportedInterfaceOrientations_iPhone = "UIInterfaceOrientationPortrait UIInterfaceOrientationLandscapeLeft UIInterfaceOrientationLandscapeRight";
				IPHONEOS_DEPLOYMENT_TARGET = 15.0;
				LD_RUNPATH_SEARCH_PATHS = (
					"$(inherited)",
					"@executable_path/Frameworks",
				);
				MARKETING_VERSION = 1.0;
				PRODUCT_BUNDLE_IDENTIFIER = "com.afathe7090.VIPER-RXSwift";
				PRODUCT_NAME = "$(TARGET_NAME)";
				SWIFT_EMIT_LOC_STRINGS = YES;
				SWIFT_VERSION = 5.0;
				TARGETED_DEVICE_FAMILY = "1,2";
			};
			name = Release;
		};
/* End XCBuildConfiguration section */

/* Begin XCConfigurationList section */
		74AAFFAA27A44EE1002AA3A7 /* Build configuration list for PBXProject "VIPER-RXSwift" */ = {
			isa = XCConfigurationList;
			buildConfigurations = (
				74AAFFC127A44EE7002AA3A7 /* Debug */,
				74AAFFC227A44EE7002AA3A7 /* Release */,
			);
			defaultConfigurationIsVisible = 0;
			defaultConfigurationName = Release;
		};
		74AAFFC327A44EE7002AA3A7 /* Build configuration list for PBXNativeTarget "VIPER-RXSwift" */ = {
			isa = XCConfigurationList;
			buildConfigurations = (
				74AAFFC427A44EE7002AA3A7 /* Debug */,
				74AAFFC527A44EE7002AA3A7 /* Release */,
			);
			defaultConfigurationIsVisible = 0;
			defaultConfigurationName = Release;
		};
/* End XCConfigurationList section */

/* Begin XCRemoteSwiftPackageReference section */
		74AAFFC627A44F36002AA3A7 /* XCRemoteSwiftPackageReference "RxSwift" */ = {
			isa = XCRemoteSwiftPackageReference;
			repositoryURL = "https://github.com/ReactiveX/RxSwift.git";
			requirement = {
				kind = upToNextMajorVersion;
				minimumVersion = 6.0.0;
			};
		};
		74C25D2127A609B500C84682 /* XCRemoteSwiftPackageReference "firebase-ios-sdk" */ = {
			isa = XCRemoteSwiftPackageReference;
			repositoryURL = "https://github.com/firebase/firebase-ios-sdk.git";
			requirement = {
				branch = master;
				kind = branch;
			};
		};
/* End XCRemoteSwiftPackageReference section */

/* Begin XCSwiftPackageProductDependency section */
		74AAFFC727A44F36002AA3A7 /* RxCocoa */ = {
			isa = XCSwiftPackageProductDependency;
			package = 74AAFFC627A44F36002AA3A7 /* XCRemoteSwiftPackageReference "RxSwift" */;
			productName = RxCocoa;
		};
		74AAFFC927A44F36002AA3A7 /* RxSwift */ = {
			isa = XCSwiftPackageProductDependency;
			package = 74AAFFC627A44F36002AA3A7 /* XCRemoteSwiftPackageReference "RxSwift" */;
			productName = RxSwift;
		};
		74C25D2227A609B500C84682 /* FirebaseAuth */ = {
			isa = XCSwiftPackageProductDependency;
			package = 74C25D2127A609B500C84682 /* XCRemoteSwiftPackageReference "firebase-ios-sdk" */;
			productName = FirebaseAuth;
		};
/* End XCSwiftPackageProductDependency section */
	};
	rootObject = 74AAFFA727A44EE1002AA3A7 /* Project object */;
}
